
Microsoft Visual Studio Solution File, Format Version 12.00
# Visual Studio Version 17
VisualStudioVersion = 17.8.34316.72
MinimumVisualStudioVersion = 10.0.40219.1
Project("{FAE04EC0-301F-11D3-BF4B-00C04F79EFBC}") = "rwwo.webapi-uow", "rwwo.webapi-uow\rwwo.webapi-uow.csproj", "{A50217AF-07A9-42DB-A927-E5B37326FDF8}"
EndProject
Project("{FAE04EC0-301F-11D3-BF4B-00C04F79EFBC}") = "rwwo.webapi-uow.core", "rwwo.webapi-uow.core\rwwo.webapi-uow.core.csproj", "{94325A30-B38E-49D2-96FA-D8C2CC7CE068}"
EndProject
Project("{FAE04EC0-301F-11D3-BF4B-00C04F79EFBC}") = "rwwo.webapi-uow.infrastructure", "rwwo.webapi-uow.infrastructure\rwwo.webapi-uow.infrastructure.csproj", "{4B4850AD-78DE-4E7B-910F-3BBF20769FDB}"
EndProject
Project("{FAE04EC0-301F-11D3-BF4B-00C04F79EFBC}") = "rwwo.webapi-uow.services", "rwwo.webapi-uow.services\rwwo.webapi-uow.services.csproj", "{15AE7E1D-A83D-4DE9-998A-2D73DAA7B648}"
EndProject
Global
	GlobalSection(SolutionConfigurationPlatforms) = preSolution
		Debug|Any CPU = Debug|Any CPU
		Release|Any CPU = Release|Any CPU
	EndGlobalSection
	GlobalSection(ProjectConfigurationPlatforms) = postSolution
		{A50217AF-07A9-42DB-A927-E5B37326FDF8}.Debug|Any CPU.ActiveCfg = Debug|Any CPU
		{A50217AF-07A9-42DB-A927-E5B37326FDF8}.Debug|Any CPU.Build.0 = Debug|Any CPU
		{A50217AF-07A9-42DB-A927-E5B37326FDF8}.Release|Any CPU.ActiveCfg = Release|Any CPU
		{A50217AF-07A9-42DB-A927-E5B37326FDF8}.Release|Any CPU.Build.0 = Release|Any CPU
		{94325A30-B38E-49D2-96FA-D8C2CC7CE068}.Debug|Any CPU.ActiveCfg = Debug|Any CPU
		{94325A30-B38E-49D2-96FA-D8C2CC7CE068}.Debug|Any CPU.Build.0 = Debug|Any CPU
		{94325A30-B38E-49D2-96FA-D8C2CC7CE068}.Release|Any CPU.ActiveCfg = Release|Any CPU
		{94325A30-B38E-49D2-96FA-D8C2CC7CE068}.Release|Any CPU.Build.0 = Release|Any CPU
		{4B4850AD-78DE-4E7B-910F-3BBF20769FDB}.Debug|Any CPU.ActiveCfg = Debug|Any CPU
		{4B4850AD-78DE-4E7B-910F-3BBF20769FDB}.Debug|Any CPU.Build.0 = Debug|Any CPU
		{4B4850AD-78DE-4E7B-910F-3BBF20769FDB}.Release|Any CPU.ActiveCfg = Release|Any CPU
		{4B4850AD-78DE-4E7B-910F-3BBF20769FDB}.Release|Any CPU.Build.0 = Release|Any CPU
		{15AE7E1D-A83D-4DE9-998A-2D73DAA7B648}.Debug|Any CPU.ActiveCfg = Debug|Any CPU
		{15AE7E1D-A83D-4DE9-998A-2D73DAA7B648}.Debug|Any CPU.Build.0 = Debug|Any CPU
		{15AE7E1D-A83D-4DE9-998A-2D73DAA7B648}.Release|Any CPU.ActiveCfg = Release|Any CPU
		{15AE7E1D-A83D-4DE9-998A-2D73DAA7B648}.Release|Any CPU.Build.0 = Release|Any CPU
	EndGlobalSection
	GlobalSection(SolutionProperties) = preSolution
		HideSolutionNode = FALSE
	EndGlobalSection
	GlobalSection(ExtensibilityGlobals) = postSolution
		SolutionGuid = {A3469FDE-CDCE-4965-AF09-9296ACEBA867}
	EndGlobalSection
EndGlobal
